
Microsoft Visual Studio Solution File, Format Version 12.00
# Visual Studio Version 17
VisualStudioVersion = 17.2.32630.192
MinimumVisualStudioVersion = 10.0.40219.1
Project("{FAE04EC0-301F-11D3-BF4B-00C04F79EFBC}") = "CadastroCliente", "CadastroCliente.csproj", "{7A4E9B79-A84A-49BE-9AF3-CD6D60494365}"
EndProject
Project("{FAE04EC0-301F-11D3-BF4B-00C04F79EFBC}") = "CadastroCliente.Core", "..\CadastroCliente.Core\CadastroCliente.Core.csproj", "{0F4BDB51-E960-4FE7-B9B8-7196EBF01821}"
EndProject
Project("{FAE04EC0-301F-11D3-BF4B-00C04F79EFBC}") = "CadastroCliente.Infra.Data", "..\CadastroCliente.Infra.Data\CadastroCliente.Infra.Data.csproj", "{DA29B4CB-5CC8-49B2-8153-04EF0B8CB97E}"
EndProject
Global
	GlobalSection(SolutionConfigurationPlatforms) = preSolution
		Debug|Any CPU = Debug|Any CPU
		Release|Any CPU = Release|Any CPU
	EndGlobalSection
	GlobalSection(ProjectConfigurationPlatforms) = postSolution
		{7A4E9B79-A84A-49BE-9AF3-CD6D60494365}.Debug|Any CPU.ActiveCfg = Debug|Any CPU
		{7A4E9B79-A84A-49BE-9AF3-CD6D60494365}.Debug|Any CPU.Build.0 = Debug|Any CPU
		{7A4E9B79-A84A-49BE-9AF3-CD6D60494365}.Release|Any CPU.ActiveCfg = Release|Any CPU
		{7A4E9B79-A84A-49BE-9AF3-CD6D60494365}.Release|Any CPU.Build.0 = Release|Any CPU
		{0F4BDB51-E960-4FE7-B9B8-7196EBF01821}.Debug|Any CPU.ActiveCfg = Debug|Any CPU
		{0F4BDB51-E960-4FE7-B9B8-7196EBF01821}.Debug|Any CPU.Build.0 = Debug|Any CPU
		{0F4BDB51-E960-4FE7-B9B8-7196EBF01821}.Release|Any CPU.ActiveCfg = Release|Any CPU
		{0F4BDB51-E960-4FE7-B9B8-7196EBF01821}.Release|Any CPU.Build.0 = Release|Any CPU
		{DA29B4CB-5CC8-49B2-8153-04EF0B8CB97E}.Debug|Any CPU.ActiveCfg = Debug|Any CPU
		{DA29B4CB-5CC8-49B2-8153-04EF0B8CB97E}.Debug|Any CPU.Build.0 = Debug|Any CPU
		{DA29B4CB-5CC8-49B2-8153-04EF0B8CB97E}.Release|Any CPU.ActiveCfg = Release|Any CPU
		{DA29B4CB-5CC8-49B2-8153-04EF0B8CB97E}.Release|Any CPU.Build.0 = Release|Any CPU
	EndGlobalSection
	GlobalSection(SolutionProperties) = preSolution
		HideSolutionNode = FALSE
	EndGlobalSection
	GlobalSection(ExtensibilityGlobals) = postSolution
		SolutionGuid = {470EDD1A-E060-44F5-B58C-689B5B396C26}
	EndGlobalSection
EndGlobal
